
Microsoft Visual Studio Solution File, Format Version 12.00
# Visual Studio 15
VisualStudioVersion = 15.0.28010.2046
MinimumVisualStudioVersion = 10.0.40219.1
Project("{9A19103F-16F7-4668-BE54-9A1E7A4F7556}") = "EllisMigrator", "EllisMigrator\EllisMigrator.csproj", "{93BFB838-0060-4849-806C-2AC0C44DD130}"
EndProject
Project("{2150E333-8FDC-42A3-9474-1A3956D46DE8}") = "Application", "Application", "{47CBE6DA-DFF1-4126-ABFC-BAB274FE1844}"
EndProject
Project("{9A19103F-16F7-4668-BE54-9A1E7A4F7556}") = "EllisMigrator.SqlServer", "EllisMigrator.SqlServer\EllisMigrator.SqlServer.csproj", "{F4936151-608E-4EEB-97E3-F239482768B2}"
EndProject
Global
	GlobalSection(SolutionConfigurationPlatforms) = preSolution
		Debug|Any CPU = Debug|Any CPU
		Release|Any CPU = Release|Any CPU
	EndGlobalSection
	GlobalSection(ProjectConfigurationPlatforms) = postSolution
		{93BFB838-0060-4849-806C-2AC0C44DD130}.Debug|Any CPU.ActiveCfg = Debug|Any CPU
		{93BFB838-0060-4849-806C-2AC0C44DD130}.Debug|Any CPU.Build.0 = Debug|Any CPU
		{93BFB838-0060-4849-806C-2AC0C44DD130}.Release|Any CPU.ActiveCfg = Release|Any CPU
		{93BFB838-0060-4849-806C-2AC0C44DD130}.Release|Any CPU.Build.0 = Release|Any CPU
		{F4936151-608E-4EEB-97E3-F239482768B2}.Debug|Any CPU.ActiveCfg = Debug|Any CPU
		{F4936151-608E-4EEB-97E3-F239482768B2}.Debug|Any CPU.Build.0 = Debug|Any CPU
		{F4936151-608E-4EEB-97E3-F239482768B2}.Release|Any CPU.ActiveCfg = Release|Any CPU
		{F4936151-608E-4EEB-97E3-F239482768B2}.Release|Any CPU.Build.0 = Release|Any CPU
	EndGlobalSection
	GlobalSection(SolutionProperties) = preSolution
		HideSolutionNode = FALSE
	EndGlobalSection
	GlobalSection(NestedProjects) = preSolution
		{93BFB838-0060-4849-806C-2AC0C44DD130} = {47CBE6DA-DFF1-4126-ABFC-BAB274FE1844}
		{F4936151-608E-4EEB-97E3-F239482768B2} = {47CBE6DA-DFF1-4126-ABFC-BAB274FE1844}
	EndGlobalSection
	GlobalSection(ExtensibilityGlobals) = postSolution
		SolutionGuid = {690C4932-EB6D-464D-9C64-6EB259F1120F}
	EndGlobalSection
EndGlobal
